
Microsoft Visual Studio Solution File, Format Version 12.00
# Visual Studio Version 16
VisualStudioVersion = 16.0.30523.141
MinimumVisualStudioVersion = 10.0.40219.1
Project("{FAE04EC0-301F-11D3-BF4B-00C04F79EFBC}") = "compoundInterest", "compoundInterest\compoundInterest.csproj", "{9C0BE874-8836-4512-8A81-5A2F0DCB019F}"
EndProject
Global
	GlobalSection(SolutionConfigurationPlatforms) = preSolution
		Debug|Any CPU = Debug|Any CPU
		Release|Any CPU = Release|Any CPU
	EndGlobalSection
	GlobalSection(ProjectConfigurationPlatforms) = postSolution
		{9C0BE874-8836-4512-8A81-5A2F0DCB019F}.Debug|Any CPU.ActiveCfg = Debug|Any CPU
		{9C0BE874-8836-4512-8A81-5A2F0DCB019F}.Debug|Any CPU.Build.0 = Debug|Any CPU
		{9C0BE874-8836-4512-8A81-5A2F0DCB019F}.Release|Any CPU.ActiveCfg = Release|Any CPU
		{9C0BE874-8836-4512-8A81-5A2F0DCB019F}.Release|Any CPU.Build.0 = Release|Any CPU
	EndGlobalSection
	GlobalSection(SolutionProperties) = preSolution
		HideSolutionNode = FALSE
	EndGlobalSection
	GlobalSection(ExtensibilityGlobals) = postSolution
		SolutionGuid = {482B9891-6A75-4AFA-8A77-6B84E2ED58E9}
	EndGlobalSection
EndGlobal
